
Microsoft Visual Studio Solution File, Format Version 12.00
# Visual Studio Version 16
VisualStudioVersion = 16.0.30503.244
MinimumVisualStudioVersion = 10.0.40219.1
Project("{FAE04EC0-301F-11D3-BF4B-00C04F79EFBC}") = "WebFrontEnd", "WebFrontEnd\WebFrontEnd.csproj", "{757DA441-9754-440E-AB76-A6AE83EF270C}"
EndProject
Project("{FAE04EC0-301F-11D3-BF4B-00C04F79EFBC}") = "MyWebAPI", "MyWebAPI\MyWebAPI.csproj", "{4D99070C-CE42-4300-9914-455BE01A3793}"
EndProject
Project("{E53339B2-1760-4266-BCC7-CA923CBCF16C}") = "docker-compose", "docker-compose.dcproj", "{5D2ECE8A-2C9D-47C5-B8BD-926C568B0E7A}"
EndProject
Global
	GlobalSection(SolutionConfigurationPlatforms) = preSolution
		Debug|Any CPU = Debug|Any CPU
		Release|Any CPU = Release|Any CPU
	EndGlobalSection
	GlobalSection(ProjectConfigurationPlatforms) = postSolution
		{757DA441-9754-440E-AB76-A6AE83EF270C}.Debug|Any CPU.ActiveCfg = Debug|Any CPU
		{757DA441-9754-440E-AB76-A6AE83EF270C}.Debug|Any CPU.Build.0 = Debug|Any CPU
		{757DA441-9754-440E-AB76-A6AE83EF270C}.Release|Any CPU.ActiveCfg = Release|Any CPU
		{757DA441-9754-440E-AB76-A6AE83EF270C}.Release|Any CPU.Build.0 = Release|Any CPU
		{4D99070C-CE42-4300-9914-455BE01A3793}.Debug|Any CPU.ActiveCfg = Debug|Any CPU
		{4D99070C-CE42-4300-9914-455BE01A3793}.Debug|Any CPU.Build.0 = Debug|Any CPU
		{4D99070C-CE42-4300-9914-455BE01A3793}.Release|Any CPU.ActiveCfg = Release|Any CPU
		{4D99070C-CE42-4300-9914-455BE01A3793}.Release|Any CPU.Build.0 = Release|Any CPU
		{5D2ECE8A-2C9D-47C5-B8BD-926C568B0E7A}.Debug|Any CPU.ActiveCfg = Debug|Any CPU
		{5D2ECE8A-2C9D-47C5-B8BD-926C568B0E7A}.Debug|Any CPU.Build.0 = Debug|Any CPU
		{5D2ECE8A-2C9D-47C5-B8BD-926C568B0E7A}.Release|Any CPU.ActiveCfg = Release|Any CPU
		{5D2ECE8A-2C9D-47C5-B8BD-926C568B0E7A}.Release|Any CPU.Build.0 = Release|Any CPU
	EndGlobalSection
	GlobalSection(SolutionProperties) = preSolution
		HideSolutionNode = FALSE
	EndGlobalSection
	GlobalSection(ExtensibilityGlobals) = postSolution
		SolutionGuid = {5A64412D-03CF-4652-9613-18C29B580533}
	EndGlobalSection
EndGlobal
